lockfileVersion: '9.0'

settings:
  autoInstallPeers: true
  excludeLinksFromLockfile: false

importers:

  .:
    dependencies:
      '@quenty/binder':
        specifier: ^14.32.0
        version: 14.32.0
      '@quenty/clienttranslator':
        specifier: ^14.33.0
        version: 14.33.0
      '@quenty/cmdrservice':
        specifier: ^13.39.0
        version: 13.39.0
      '@quenty/loader':
        specifier: ^10.10.0
        version: 10.10.0
      '@quenty/servicebag':
        specifier: ^11.16.0
        version: 11.16.0

packages:

  '@quenty/acceltween@2.7.0':
    resolution: {integrity: sha512-AY1T7ZR2c9/ZcGyXGjfBzrS1Q6ODYqOZQnHgdhS5X50nNeJUBCYN/YfI7YFa7Yd1niUguXCo+nHqYSQzgbluow==}

  '@quenty/baseobject@10.12.0':
    resolution: {integrity: sha512-hQSO6G322f7Uf1WOzozp67EAOUcvdpcYM8LrKTiqgF1aDquc7fLwxZAXECrTCEghP2eSsGVNHhwlkelRc0lfLg==}

  '@quenty/binarysearch@2.4.0':
    resolution: {integrity: sha512-87ZoHo1ObRu+C0ocIoaT0BZRoLWeuGciwusC9xwxjX2aZke+oc518x+JNwqnBZM1YdZ3urg1SukJCtZbbfMevg==}

  '@quenty/binder@14.32.0':
    resolution: {integrity: sha512-gcPac5ivNuHyQUxJwgVFfYdhBHoY4BcaJyBgixXmwq0hFoPc/tLB8x4gWGKnzSkQbTdLSsAqFgrpyitxbrqK4Q==}

  '@quenty/blend@12.32.0':
    resolution: {integrity: sha512-DtfZYtYwCMBzzbSITdKmcAqT7pu342kD1Eg+ZHP2OxDx5XWr2XTJmihFVkaEfN5mSA03V7/wKf7B82onAx2VEg==}

  '@quenty/brio@14.27.0':
    resolution: {integrity: sha512-QD/CBM+i12GRMQw6KApXB6bSbe0ZqP/ESI42sMs1wsjqTz1wtCo7dfbTZx6bJlo6Al3vcNwEDUH1zJ0zo0l80A==}

  '@quenty/cancellabledelay@3.6.2':
    resolution: {integrity: sha512-rBPP8nghqqBsq3g4z5APz9IaEU3OoB6AnqIuKc8oUK27YFlMW+WGE1BG8cAhE8rAD55a36007SLhPfJUiO8v4w==}

  '@quenty/canceltoken@11.17.0':
    resolution: {integrity: sha512-qoeiFX0LJc5fqeSNSq87Eoske/1ah5keKuXD7+9jmvR0FyCeLsuX+u/+mKvEviV1czhKVrh3hp25XGrZVmPzcQ==}

  '@quenty/characterutils@12.29.0':
    resolution: {integrity: sha512-DbkFFZ/dDdzBhG3+dCNgyyDMKUtpeOhVoaTRdR2/F48wXrhkWTUV5zVg7UMYhZDK6OH10OCT/2q0zsO0Gv9cIQ==}

  '@quenty/clienttranslator@14.33.0':
    resolution: {integrity: sha512-rogiI0lq2ra1BjZpRW79ir3c4701A2kOnhynvESFg+8zALYyRZYF8P+EjmoRr+Kd2TDjseOgwyCSH1sHk5IhSA==}

  '@quenty/cmdrservice@13.39.0':
    resolution: {integrity: sha512-7WJMFioo30o/w1era8s1Bg+nYossu7F3Qmzi31VzoJaANPe5IXixtP5jEmQBaaCWZsJS38gDN3XVhVQ+NeKBmw==}

  '@quenty/collectionserviceutils@8.28.0':
    resolution: {integrity: sha512-y6p72Iv+mJ9bOMf2e87GXrb+YhPCHg8oCK2YfwaJcUYLg35s2VgC7CGeXzFJBrit57uHNclYHZpvEjIkMOij6w==}

  '@quenty/deferred@2.3.2':
    resolution: {integrity: sha512-/8C9cJtnsRa+hvmW5Q94JdZtUz+OUg1+oGq2/3PHTWCoVtmwLTxR+5AHpYzQKaitEIxAIQaZqhuhp5mOTMteTw==}

  '@quenty/ducktype@5.10.0':
    resolution: {integrity: sha512-wXj50+S8Dem0j5qmrhS+zeq6ecC4Ee3R4bBL6LFElgnJJUa84kVQoaL2auu5owhPRDcJt8jvRAoQc7N8YgBUBw==}

  '@quenty/enums@1.2.0':
    resolution: {integrity: sha512-zrYK0ArgmvlBjv8BhsVamoHrzxI0zrcKhcBn3T4XGEJX0bm2+JWXlB45nQuXKuBCKaji+jgpT05m7jHgjZUNGA==}

  '@quenty/enumutils@3.4.5':
    resolution: {integrity: sha512-ARF/MIuXiEco6mOgSIOEV/HaQpA5g+2sEV/3WShSFlCd5GBUzjBovLpENiR9JKA1MPJKrx93Wo/up8iYwW7WlQ==}

  '@quenty/grouputils@10.16.0':
    resolution: {integrity: sha512-pGpJoq7QtNA57sSYqI28Yec5O2OSF01WfWU0cyR+XvRNFGjYIKtKnFV5CbhW+W1yAvFDBDy5Ed1W2QYJqt22oQ==}

  '@quenty/insertserviceutils@10.16.0':
    resolution: {integrity: sha512-wqMPU33unihwSAOP4mYGXMgENQ+DQ0aH+Paq2XGrEqoeoVcxRJ3QQMLQRrXnV2Wl3KbshEO4hRDZmGjA+rxGFg==}

  '@quenty/instanceutils@13.27.0':
    resolution: {integrity: sha512-tVQdmvwV2dSZyO6C5E446jSUx3RI5LASd+4RCLDD4h7U5fT1+fIgK4mpPo2CwUw6V9Apd/aaZCZUslFhBwnGvg==}

  '@quenty/linkutils@13.27.0':
    resolution: {integrity: sha512-pXUWDtBoekcjE1axukgjXwxOdEDK3RklzrGBAvrQUUkyu27NXW3c/xmjg5/0BlUjzF3ahz5rgbGCXiemNUL/wQ==}

  '@quenty/loader@10.10.0':
    resolution: {integrity: sha512-jp6nzpLte0qVTK/T3NMh3PPBUqd3ZYsow/ZwCk1eiEmVN7vrXNy2BdKAo+rH+BMVDBQr4dzRbqo/DQ9FWyiqmA==}

  '@quenty/maid@3.8.0':
    resolution: {integrity: sha512-pjrRNobPP/lAohyLIx82Wbz/AxmAe/+ZFgnuQv2E+DBQEQ5g3CDacGm5ZbKAtKygbI9SJ6XKTKMtWB2ngO9Zag==}

  '@quenty/math@2.7.5':
    resolution: {integrity: sha512-tYOvmTwijqm1og6QdO+j9EDKSk0/0TCae83H1yUElYWuzV1PAG1Q18VT0Yk0q/05Uduulb2s3Dx6QmyI/qKSgA==}

  '@quenty/nevermore-test-runner@1.3.0':
    resolution: {integrity: sha512-qCPluVpOPfWIQkwGiFF09BNbDfvkskwM1Kynfqvd42fz2qrVGyJQrnV7f7wabWbu8KXMzW3grCkY92Q5NX1wDA==}

  '@quenty/observablecollection@12.34.0':
    resolution: {integrity: sha512-5+oP1PBws5Ht91NHhJLaHC1Zd5aluTpDYFnot5+93zhmWDjK/IG2yNyzZdppVmFo3tfSLAhB2qdrngBzO122Ig==}

  '@quenty/permissionprovider@14.33.0':
    resolution: {integrity: sha512-7/1xLSVZb9r9hpERR2WKzWq/K081IAmUVHatRAlRiyCBn7qQ4Y2/YRB0y8YgJntn2Fclhqe7RLJUgm9RcWhkrQ==}

  '@quenty/playerutils@8.29.0':
    resolution: {integrity: sha512-iGEgvP8nfCBMKPCfXdod3hjQMTBecSqGmkWDGeDDxa06xW53MzZiAJWm/TyLL+rkW9PFL9Q27T58pAbp4r1d6g==}

  '@quenty/promise@10.16.0':
    resolution: {integrity: sha512-7t/xeV2UWnLOiEW8+tjoSLqdjBajonMEgt6k++pjq4FPatDpo5TjLl0D6KumO6qi6On0GQH2Eb1j0NgLp6snmA==}

  '@quenty/promisemaid@5.16.0':
    resolution: {integrity: sha512-0UIdjd46ArYc+UJZ7kc26f4J4/p3z7Wg2klPDrc7HbRcvHcw/2jO3UMAyiNzEyOjfPtAbG2xCepBnnKTRUVskg==}

  '@quenty/pseudolocalize@3.5.2':
    resolution: {integrity: sha512-xtk0UEtUAR1NUpFTkD8gIY6SB91QeTGdxhiCVg75u/IDiK2kLFfveMabfTzosbTlkzuXTcuQI7y7T6IVANShpw==}

  '@quenty/remotefunctionutils@10.16.0':
    resolution: {integrity: sha512-0+5CNzUkFsecyOoePM+oQ9wG7RY48+6cyJ1tOYB6VIg7O3ZVXQV/9qbbEszEs2odn4Mgu7ybg2Js3HN06XB7Zw==}

  '@quenty/remoting@12.29.0':
    resolution: {integrity: sha512-SgOMwr+JsI9TfTX+QxmEDy/+6JU7oEpfGnegYjWqQQm9xkXTm19tgeRDDG443BSxsxvwO9d6CBTbISHCra+fbg==}

  '@quenty/rx@13.26.0':
    resolution: {integrity: sha512-As9Y12ozTq+6lJje/ao0jGjnuggX3kr1jNfJ5RCDQ25o4ksTxAK5Mzf6V4VKl4RF8pd/qoTTZgSNGHre/uy9Yw==}

  '@quenty/rxsignal@7.26.0':
    resolution: {integrity: sha512-nEUSg0wVwgTf8SKl245t3xisRwtYbYxjdXJNtR4lIAn+V3VTMldppg9i1nUDg7CRb/eyuZAUYp3rsjP9140Vcw==}

  '@quenty/servicebag@11.16.0':
    resolution: {integrity: sha512-IkA/Sid9ICmamT067GbEKmvRAthJ6FqHIVbikh3hKiegNYyAGgnneVB3qDE8mKw51pGUblKEsmhE+EkSwJ5Kcw==}

  '@quenty/signal@7.12.0':
    resolution: {integrity: sha512-jBtzNPdJLDo4ObgLxGwWu6g52skdH1yoz/ZqOi8NAXMMdfd6mE1NVr2GbFcGOqCFkq0+sM9+mZTBAF+qpciYRA==}

  '@quenty/spring@10.11.0':
    resolution: {integrity: sha512-WdVMFqoMHHP/kWUlbpyOMUAhu3KM+c6g2SJhWzNJP55gX4naj8u7USQpGLLKVEJEHS0BC7prsq9t/SqRCdyBIA==}

  '@quenty/steputils@3.6.3':
    resolution: {integrity: sha512-iswkWhiwPn+TM5ktwAs6y3mC7+Tymq/xhXpxQIW8Q2IHgbIArT2kjbbGehRaomtkvKHuqtb3bW/ORnPyK8IKBQ==}

  '@quenty/string@3.3.6':
    resolution: {integrity: sha512-GyefAXo8B56QjntvmXKXnylMWcUNZ1jTw272HwwBRDxupODJST63piZXjMee2g971GUWPVrSY58D9EGVQrN00A==}

  '@quenty/symbol@3.5.2':
    resolution: {integrity: sha512-Opt3Pvdie3LDScZms7eTe+5rFUIRP4S1I7RFtiuyCF4XoDwJ2kjWO9bUNMX+zjumhaJ/96ZI5Y4D8mowyObs5Q==}

  '@quenty/table@3.9.2':
    resolution: {integrity: sha512-uU0XEiWk2CHtdhcBnM2F7sU7jljD/D0crntozfPLfyl4BOHT3oWNr0HF7IfrKVxVo3WnDj3KBXV6iMmYY6q9vQ==}

  '@quenty/templateprovider@11.33.0':
    resolution: {integrity: sha512-Cfds8MUsLrXf6pfzDgV/RrniL3JzBP/HxKxbE/IJxQXY1z7fnh95l2+P5pWXVVp4LodwHWRGyFMtMkERqZpxRw==}

  '@quenty/throttle@10.11.0':
    resolution: {integrity: sha512-ooSZf6J6yj86bW9AJ7F4sluJ0c6BwHbXF2oIvm408Dx0bQiRVtuhlLTyxGCglWqLqbcfoKNtZiqSIjMA2HEtNg==}

  '@quenty/typeutils@1.2.0':
    resolution: {integrity: sha512-9NqLKZReyi+PJmVyYdA2oQDO37EdpqELhgcDZGkSF0Uhs+3EXX+E2+D1FfvECg87CjsU96qD86ZMPmKE01LM/w==}

  '@quenty/uiobjectutils@6.26.0':
    resolution: {integrity: sha512-FslDiTktvIayG9ahvbepDgnnjlb4PV9dTztsLSsPy9DvKi9UM7aeCv4C+HWeGwrXAMaO0LxxSdabOVuvj6Pnhg==}

  '@quenty/valuebaseutils@13.27.0':
    resolution: {integrity: sha512-W9z84zr+PHNsRxqXsulbnYxeA4BxsKAuzO5uyobc6qpB5yan/FFSekr6hScAnHtDVdGYwG5tfKsnMNPonxPAAA==}

  '@quenty/valueobject@13.28.0':
    resolution: {integrity: sha512-Kzg/E2PZt+6nExxATF38lDtQvd2hbSZ414GLl2V16RI4TIaL0HzgI5uyKbj8xxmENcI2h3lu/NyTfybVrckogw==}

  '@quentystudios/cmdr@1.12.0-quenty.0':
    resolution: {integrity: sha512-coxG4bEQ3wskTEiVxbh6hTsOycYoq+8jLtUABvfMURHiS3hgF/0jg3uQArZt0JeY+VvkCIXLHUCFTMMbUQOllA==}

  '@quentystudios/jest-lua@3.10.0-quenty.2':
    resolution: {integrity: sha512-TE7vhnYjygcBjjqeKLsmbwxhJeiDeekh/E2xcvQ0VZAwHNr+Yn1pk1n/PRJu+KtH2fWYkw20pQO4o/hKPs0lRA==}

  '@quentystudios/t@3.0.0':
    resolution: {integrity: sha512-YUBaDzrs69scFgRpzASLOpcvxKho8oaUipyHO+A9z+aRW/ursRhzCXjRtPZ08uoU+fba/cohZuZMMGDMpncg1w==}

snapshots:

  '@quenty/acceltween@2.7.0': {}

  '@quenty/baseobject@10.12.0':
    dependencies:
      '@quenty/loader': 10.10.0
      '@quenty/maid': 3.8.0

  '@quenty/binarysearch@2.4.0': {}

  '@quenty/binder@14.32.0':
    dependencies:
      '@quenty/baseobject': 10.12.0
      '@quenty/brio': 14.27.0
      '@quenty/canceltoken': 11.17.0
      '@quenty/instanceutils': 13.27.0
      '@quenty/linkutils': 13.27.0
      '@quenty/loader': 10.10.0
      '@quenty/maid': 3.8.0
      '@quenty/nevermore-test-runner': 1.3.0
      '@quenty/promise': 10.16.0
      '@quenty/rx': 13.26.0
      '@quenty/servicebag': 11.16.0
      '@quenty/signal': 7.12.0
      '@quenty/table': 3.9.2
      '@quenty/valueobject': 13.28.0
      '@quentystudios/jest-lua': 3.10.0-quenty.2

  '@quenty/blend@12.32.0':
    dependencies:
      '@quenty/acceltween': 2.7.0
      '@quenty/brio': 14.27.0
      '@quenty/ducktype': 5.10.0
      '@quenty/instanceutils': 13.27.0
      '@quenty/loader': 10.10.0
      '@quenty/maid': 3.8.0
      '@quenty/nevermore-test-runner': 1.3.0
      '@quenty/promise': 10.16.0
      '@quenty/rx': 13.26.0
      '@quenty/signal': 7.12.0
      '@quenty/spring': 10.11.0
      '@quenty/steputils': 3.6.3
      '@quenty/string': 3.3.6
      '@quenty/uiobjectutils': 6.26.0
      '@quenty/valuebaseutils': 13.27.0
      '@quenty/valueobject': 13.28.0
      '@quentystudios/jest-lua': 3.10.0-quenty.2

  '@quenty/brio@14.27.0':
    dependencies:
      '@quenty/loader': 10.10.0
      '@quenty/maid': 3.8.0
      '@quenty/nevermore-test-runner': 1.3.0
      '@quenty/rx': 13.26.0
      '@quenty/signal': 7.12.0
      '@quenty/steputils': 3.6.3
      '@quenty/table': 3.9.2
      '@quentystudios/jest-lua': 3.10.0-quenty.2

  '@quenty/cancellabledelay@3.6.2': {}

  '@quenty/canceltoken@11.17.0':
    dependencies:
      '@quenty/ducktype': 5.10.0
      '@quenty/loader': 10.10.0
      '@quenty/maid': 3.8.0
      '@quenty/promise': 10.16.0
      '@quenty/signal': 7.12.0

  '@quenty/characterutils@12.29.0':
    dependencies:
      '@quenty/brio': 14.27.0
      '@quenty/deferred': 2.3.2
      '@quenty/instanceutils': 13.27.0
      '@quenty/loader': 10.10.0
      '@quenty/maid': 3.8.0
      '@quenty/promise': 10.16.0
      '@quenty/rx': 13.26.0

  '@quenty/clienttranslator@14.33.0':
    dependencies:
      '@quenty/blend': 12.32.0
      '@quenty/enums': 1.2.0
      '@quenty/instanceutils': 13.27.0
      '@quenty/loader': 10.10.0
      '@quenty/maid': 3.8.0
      '@quenty/nevermore-test-runner': 1.3.0
      '@quenty/promise': 10.16.0
      '@quenty/promisemaid': 5.16.0
      '@quenty/pseudolocalize': 3.5.2
      '@quenty/rx': 13.26.0
      '@quenty/servicebag': 11.16.0
      '@quenty/string': 3.3.6
      '@quenty/table': 3.9.2
      '@quenty/valueobject': 13.28.0
      '@quentystudios/jest-lua': 3.10.0-quenty.2

  '@quenty/cmdrservice@13.39.0':
    dependencies:
      '@quenty/loader': 10.10.0
      '@quenty/maid': 3.8.0
      '@quenty/nevermore-test-runner': 1.3.0
      '@quenty/permissionprovider': 14.33.0
      '@quenty/promise': 10.16.0
      '@quenty/remoting': 12.29.0
      '@quenty/servicebag': 11.16.0
      '@quenty/string': 3.3.6
      '@quenty/templateprovider': 11.33.0
      '@quentystudios/cmdr': 1.12.0-quenty.0

  '@quenty/collectionserviceutils@8.28.0':
    dependencies:
      '@quenty/brio': 14.27.0
      '@quenty/loader': 10.10.0
      '@quenty/maid': 3.8.0
      '@quenty/rx': 13.26.0

  '@quenty/deferred@2.3.2': {}

  '@quenty/ducktype@5.10.0':
    dependencies:
      '@quenty/loader': 10.10.0

  '@quenty/enums@1.2.0':
    dependencies:
      '@quenty/loader': 10.10.0
      '@quentystudios/t': 3.0.0

  '@quenty/enumutils@3.4.5': {}

  '@quenty/grouputils@10.16.0':
    dependencies:
      '@quenty/loader': 10.10.0
      '@quenty/promise': 10.16.0

  '@quenty/insertserviceutils@10.16.0':
    dependencies:
      '@quenty/loader': 10.10.0
      '@quenty/promise': 10.16.0

  '@quenty/instanceutils@13.27.0':
    dependencies:
      '@quenty/brio': 14.27.0
      '@quenty/loader': 10.10.0
      '@quenty/maid': 3.8.0
      '@quenty/nevermore-test-runner': 1.3.0
      '@quenty/rx': 13.26.0
      '@quenty/symbol': 3.5.2
      '@quentystudios/jest-lua': 3.10.0-quenty.2

  '@quenty/linkutils@13.27.0':
    dependencies:
      '@quenty/brio': 14.27.0
      '@quenty/instanceutils': 13.27.0
      '@quenty/loader': 10.10.0
      '@quenty/maid': 3.8.0
      '@quenty/promise': 10.16.0
      '@quenty/rx': 13.26.0

  '@quenty/loader@10.10.0': {}

  '@quenty/maid@3.8.0':
    dependencies:
      '@quenty/loader': 10.10.0
      '@quenty/nevermore-test-runner': 1.3.0
      '@quentystudios/jest-lua': 3.10.0-quenty.2

  '@quenty/math@2.7.5': {}

  '@quenty/nevermore-test-runner@1.3.0':
    dependencies:
      '@quenty/loader': 10.10.0
      '@quentystudios/jest-lua': 3.10.0-quenty.2

  '@quenty/observablecollection@12.34.0':
    dependencies:
      '@quenty/baseobject': 10.12.0
      '@quenty/binarysearch': 2.4.0
      '@quenty/brio': 14.27.0
      '@quenty/ducktype': 5.10.0
      '@quenty/instanceutils': 13.27.0
      '@quenty/loader': 10.10.0
      '@quenty/maid': 3.8.0
      '@quenty/nevermore-test-runner': 1.3.0
      '@quenty/promise': 10.16.0
      '@quenty/rx': 13.26.0
      '@quenty/signal': 7.12.0
      '@quenty/steputils': 3.6.3
      '@quenty/symbol': 3.5.2
      '@quenty/table': 3.9.2
      '@quenty/valueobject': 13.28.0
      '@quentystudios/jest-lua': 3.10.0-quenty.2

  '@quenty/permissionprovider@14.33.0':
    dependencies:
      '@quenty/baseobject': 10.12.0
      '@quenty/brio': 14.27.0
      '@quenty/enums': 1.2.0
      '@quenty/grouputils': 10.16.0
      '@quenty/loader': 10.10.0
      '@quenty/maid': 3.8.0
      '@quenty/nevermore-test-runner': 1.3.0
      '@quenty/playerutils': 8.29.0
      '@quenty/promise': 10.16.0
      '@quenty/remoting': 12.29.0
      '@quenty/rx': 13.26.0
      '@quenty/servicebag': 11.16.0
      '@quenty/table': 3.9.2
      '@quentystudios/jest-lua': 3.10.0-quenty.2

  '@quenty/playerutils@8.29.0':
    dependencies:
      '@quenty/brio': 14.27.0
      '@quenty/characterutils': 12.29.0
      '@quenty/instanceutils': 13.27.0
      '@quenty/loader': 10.10.0
      '@quenty/maid': 3.8.0
      '@quenty/promise': 10.16.0
      '@quenty/rx': 13.26.0

  '@quenty/promise@10.16.0':
    dependencies:
      '@quenty/deferred': 2.3.2
      '@quenty/loader': 10.10.0
      '@quenty/maid': 3.8.0
      '@quenty/math': 2.7.5
      '@quenty/signal': 7.12.0

  '@quenty/promisemaid@5.16.0':
    dependencies:
      '@quenty/loader': 10.10.0
      '@quenty/maid': 3.8.0
      '@quenty/promise': 10.16.0

  '@quenty/pseudolocalize@3.5.2': {}

  '@quenty/remotefunctionutils@10.16.0':
    dependencies:
      '@quenty/loader': 10.10.0
      '@quenty/promise': 10.16.0

  '@quenty/remoting@12.29.0':
    dependencies:
      '@quenty/baseobject': 10.12.0
      '@quenty/brio': 14.27.0
      '@quenty/enums': 1.2.0
      '@quenty/instanceutils': 13.27.0
      '@quenty/loader': 10.10.0
      '@quenty/maid': 3.8.0
      '@quenty/promise': 10.16.0
      '@quenty/promisemaid': 5.16.0
      '@quenty/remotefunctionutils': 10.16.0
      '@quenty/rx': 13.26.0
      '@quenty/table': 3.9.2

  '@quenty/rx@13.26.0':
    dependencies:
      '@quenty/cancellabledelay': 3.6.2
      '@quenty/canceltoken': 11.17.0
      '@quenty/ducktype': 5.10.0
      '@quenty/loader': 10.10.0
      '@quenty/maid': 3.8.0
      '@quenty/nevermore-test-runner': 1.3.0
      '@quenty/promise': 10.16.0
      '@quenty/signal': 7.12.0
      '@quenty/symbol': 3.5.2
      '@quenty/table': 3.9.2
      '@quenty/throttle': 10.11.0
      '@quenty/typeutils': 1.2.0
      '@quentystudios/jest-lua': 3.10.0-quenty.2

  '@quenty/rxsignal@7.26.0':
    dependencies:
      '@quenty/loader': 10.10.0
      '@quenty/rx': 13.26.0

  '@quenty/servicebag@11.16.0':
    dependencies:
      '@quenty/baseobject': 10.12.0
      '@quenty/loader': 10.10.0
      '@quenty/signal': 7.12.0

  '@quenty/signal@7.12.0':
    dependencies:
      '@quenty/loader': 10.10.0

  '@quenty/spring@10.11.0':
    dependencies:
      '@quenty/ducktype': 5.10.0
      '@quenty/loader': 10.10.0

  '@quenty/steputils@3.6.3': {}

  '@quenty/string@3.3.6': {}

  '@quenty/symbol@3.5.2': {}

  '@quenty/table@3.9.2': {}

  '@quenty/templateprovider@11.33.0':
    dependencies:
      '@quenty/baseobject': 10.12.0
      '@quenty/brio': 14.27.0
      '@quenty/collectionserviceutils': 8.28.0
      '@quenty/ducktype': 5.10.0
      '@quenty/enums': 1.2.0
      '@quenty/insertserviceutils': 10.16.0
      '@quenty/instanceutils': 13.27.0
      '@quenty/loader': 10.10.0
      '@quenty/maid': 3.8.0
      '@quenty/observablecollection': 12.34.0
      '@quenty/promise': 10.16.0
      '@quenty/promisemaid': 5.16.0
      '@quenty/remoting': 12.29.0
      '@quenty/rx': 13.26.0
      '@quenty/servicebag': 11.16.0
      '@quenty/string': 3.3.6
      '@quenty/table': 3.9.2

  '@quenty/throttle@10.11.0':
    dependencies:
      '@quenty/loader': 10.10.0
      '@quenty/typeutils': 1.2.0

  '@quenty/typeutils@1.2.0':
    dependencies:
      '@quenty/loader': 10.10.0

  '@quenty/uiobjectutils@6.26.0':
    dependencies:
      '@quenty/brio': 14.27.0
      '@quenty/enumutils': 3.4.5
      '@quenty/instanceutils': 13.27.0
      '@quenty/loader': 10.10.0
      '@quenty/rx': 13.26.0

  '@quenty/valuebaseutils@13.27.0':
    dependencies:
      '@quenty/brio': 14.27.0
      '@quenty/instanceutils': 13.27.0
      '@quenty/loader': 10.10.0
      '@quenty/promise': 10.16.0
      '@quenty/rx': 13.26.0
      '@quenty/rxsignal': 7.26.0

  '@quenty/valueobject@13.28.0':
    dependencies:
      '@quenty/brio': 14.27.0
      '@quenty/ducktype': 5.10.0
      '@quenty/loader': 10.10.0
      '@quenty/maid': 3.8.0
      '@quenty/rx': 13.26.0
      '@quenty/signal': 7.12.0
      '@quenty/valuebaseutils': 13.27.0

  '@quentystudios/cmdr@1.12.0-quenty.0': {}

  '@quentystudios/jest-lua@3.10.0-quenty.2': {}

  '@quentystudios/t@3.0.0': {}
